
Microsoft Visual Studio Solution File, Format Version 12.00
# Visual Studio Version 17
VisualStudioVersion = 17.10.35027.167
MinimumVisualStudioVersion = 10.0.40219.1
Project("{9A19103F-16F7-4668-BE54-9A1E7A4F7556}") = "Cronyx", "Cronyx.csproj", "{FA628914-DD5A-426D-9DAB-2262D0533C5E}"
EndProject
Project("{FAE04EC0-301F-11D3-BF4B-00C04F79EFBC}") = "CronyxApp", "CronyxApp\CronyxApp.csproj", "{82FCD8FA-886B-B946-C02E-3EF9AF0E7649}"
EndProject
Global
	GlobalSection(SolutionConfigurationPlatforms) = preSolution
		Debug|Any CPU = Debug|Any CPU
		Release|Any CPU = Release|Any CPU
	EndGlobalSection
	GlobalSection(ProjectConfigurationPlatforms) = postSolution
		{FA628914-DD5A-426D-9DAB-2262D0533C5E}.Debug|Any CPU.ActiveCfg = Debug|Any CPU
		{FA628914-DD5A-426D-9DAB-2262D0533C5E}.Debug|Any CPU.Build.0 = Debug|Any CPU
		{FA628914-DD5A-426D-9DAB-2262D0533C5E}.Release|Any CPU.ActiveCfg = Release|Any CPU
		{FA628914-DD5A-426D-9DAB-2262D0533C5E}.Release|Any CPU.Build.0 = Release|Any CPU
		{82FCD8FA-886B-B946-C02E-3EF9AF0E7649}.Debug|Any CPU.ActiveCfg = Debug|Any CPU
		{82FCD8FA-886B-B946-C02E-3EF9AF0E7649}.Debug|Any CPU.Build.0 = Debug|Any CPU
		{82FCD8FA-886B-B946-C02E-3EF9AF0E7649}.Release|Any CPU.ActiveCfg = Release|Any CPU
		{82FCD8FA-886B-B946-C02E-3EF9AF0E7649}.Release|Any CPU.Build.0 = Release|Any CPU
	EndGlobalSection
	GlobalSection(SolutionProperties) = preSolution
		HideSolutionNode = FALSE
	EndGlobalSection
	GlobalSection(ExtensibilityGlobals) = postSolution
		SolutionGuid = {50B1E82E-9941-4BAB-9EC5-14A39FB63294}
	EndGlobalSection
EndGlobal
